// !$*UTF8*$!
{
	archiveVersion = 1;
	classes = {
	};
	objectVersion = 46;
	objects = {

/* Begin PBXBuildFile section */
		174DC9EE10DEDE02731A4F4F /* ComposeRootView.swift in Sources */ = {isa = PBXBuildFile; fileRef = 8FB4BB6CBFB476E874956AA3 /* ComposeRootView.swift */; };
		47ADEC62832DB668BB2C8E25 /* iosApp.swift in Sources */ = {isa = PBXBuildFile; fileRef = 205BCAEA39657B223AC96D62 /* iosApp.swift */; };
		9E4DCBCDAC22778E83C85E4F /* Foundation.framework in Frameworks */ = {isa = PBXBuildFile; fileRef = 32F8A3C81E49F5337D3B8FE9 /* Foundation.framework */; };
		E968EBA5D8C99F5E5886D56D /* CachedFlowDemo.framework in Frameworks */ = {isa = PBXBuildFile; fileRef = AC09C23EBB8FEB4BFA6BDBEE /* CachedFlowDemo.framework */; };
/* End PBXBuildFile section */

/* Begin PBXFileReference section */
		205BCAEA39657B223AC96D62 /* iosApp.swift */ = {isa = PBXFileReference; includeInIndex = 1; lastKnownFileType = sourcecode.swift; path = iosApp.swift; sourceTree = "<group>"; };
		32F8A3C81E49F5337D3B8FE9 /* Foundation.framework */ = {isa = PBXFileReference; lastKnownFileType = wrapper.framework; name = Foundation.framework; path = Platforms/iPhoneOS.platform/Developer/SDKs/iPhoneOS18.0.sdk/System/Library/Frameworks/Foundation.framework; sourceTree = DEVELOPER_DIR; };
		8FB4BB6CBFB476E874956AA3 /* ComposeRootView.swift */ = {isa = PBXFileReference; includeInIndex = 1; lastKnownFileType = sourcecode.swift; path = ComposeRootView.swift; sourceTree = "<group>"; };
		AC09C23EBB8FEB4BFA6BDBEE /* CachedFlowDemo.framework */ = {isa = PBXFileReference; lastKnownFileType = wrapper.framework; path = CachedFlowDemo.framework; sourceTree = "<group>"; };
		E00FB7139FF78347408B8B2F /* iosApp.app */ = {isa = PBXFileReference; explicitFileType = wrapper.application; includeInIndex = 0; path = iosApp.app; sourceTree = BUILT_PRODUCTS_DIR; };
/* End PBXFileReference section */

/* Begin PBXFrameworksBuildPhase section */
		88C0BD33F42D34438C46C2F9 /* Frameworks */ = {
			isa = PBXFrameworksBuildPhase;
			buildActionMask = 2147483647;
			files = (
				9E4DCBCDAC22778E83C85E4F /* Foundation.framework in Frameworks */,
				E968EBA5D8C99F5E5886D56D /* CachedFlowDemo.framework in Frameworks */,
			);
			runOnlyForDeploymentPostprocessing = 0;
		};
/* End PBXFrameworksBuildPhase section */

/* Begin PBXGroup section */
		161B752253B5DD78086C8D01 /* Products */ = {
			isa = PBXGroup;
			children = (
				E00FB7139FF78347408B8B2F /* iosApp.app */,
			);
			name = Products;
			sourceTree = "<group>";
		};
		2D63782986812112053150B9 /* iOS */ = {
			isa = PBXGroup;
			children = (
				32F8A3C81E49F5337D3B8FE9 /* Foundation.framework */,
			);
			name = iOS;
			sourceTree = "<group>";
		};
		A58CB5B8DA13287662800792 = {
			isa = PBXGroup;
			children = (
				161B752253B5DD78086C8D01 /* Products */,
				A69EBC62092472A8C024D5C2 /* Frameworks */,
				C122B01488755127BD98EB98 /* iosApp */,
				D1B1E2E2CFE3ED9DE3E2DDA8 /* KotlinFramework */,
			);
			sourceTree = "<group>";
		};
		A69EBC62092472A8C024D5C2 /* Frameworks */ = {
			isa = PBXGroup;
			children = (
				2D63782986812112053150B9 /* iOS */,
			);
			name = Frameworks;
			sourceTree = "<group>";
		};
		C122B01488755127BD98EB98 /* iosApp */ = {
			isa = PBXGroup;
			children = (
				205BCAEA39657B223AC96D62 /* iosApp.swift */,
				8FB4BB6CBFB476E874956AA3 /* ComposeRootView.swift */,
			);
			name = iosApp;
			sourceTree = "<group>";
		};
		D1B1E2E2CFE3ED9DE3E2DDA8 /* KotlinFramework */ = {
			isa = PBXGroup;
			children = (
				AC09C23EBB8FEB4BFA6BDBEE /* CachedFlowDemo.framework */,
			);
			name = KotlinFramework;
			path = KotlinFramework;
			sourceTree = "<group>";
		};
/* End PBXGroup section */

/* Begin PBXNativeTarget section */
		B875F8091571931067D0759C /* iosApp */ = {
			isa = PBXNativeTarget;
			buildConfigurationList = E628BDB1B0703BA1560F3A7F /* Build configuration list for PBXNativeTarget "iosApp" */;
			buildPhases = (
				40ED65D9C7CF364293C288D7 /* Build Kotlin Framework */,
				D767DBCDE7662F2CF7AD19B2 /* Sources */,
				88C0BD33F42D34438C46C2F9 /* Frameworks */,
				8DD77350626DB738279F4BA2 /* Resources */,
			);
			buildRules = (
			);
			dependencies = (
			);
			name = iosApp;
			productName = iosApp;
			productReference = E00FB7139FF78347408B8B2F /* iosApp.app */;
			productType = "com.apple.product-type.application";
		};
/* End PBXNativeTarget section */

/* Begin PBXProject section */
		E1A2524DF7F428FA8C80F0B2 /* Project object */ = {
			isa = PBXProject;
			attributes = {
				LastSwiftUpdateCheck = 1600;
				LastUpgradeCheck = 1600;
			};
			buildConfigurationList = 0B9C02F353BCE5F7FE0AEDD8 /* Build configuration list for PBXProject "iosApp" */;
			compatibilityVersion = "Xcode 3.2";
			developmentRegion = en;
			hasScannedForEncodings = 0;
			knownRegions = (
				en,
				Base,
			);
			mainGroup = A58CB5B8DA13287662800792;
			minimizedProjectReferenceProxies = 0;
			preferredProjectObjectVersion = 77;
			productRefGroup = 161B752253B5DD78086C8D01 /* Products */;
			projectDirPath = "";
			projectRoot = "";
			targets = (
				B875F8091571931067D0759C /* iosApp */,
			);
		};
/* End PBXProject section */

/* Begin PBXResourcesBuildPhase section */
		8DD77350626DB738279F4BA2 /* Resources */ = {
			isa = PBXResourcesBuildPhase;
			buildActionMask = 2147483647;
			files = (
			);
			runOnlyForDeploymentPostprocessing = 0;
		};
/* End PBXResourcesBuildPhase section */

/* Begin PBXShellScriptBuildPhase section */
		40ED65D9C7CF364293C288D7 /* Build Kotlin Framework */ = {
			isa = PBXShellScriptBuildPhase;
			buildActionMask = 2147483647;
			files = (
			);
			inputFileListPaths = (
			);
			inputPaths = (
			);
			name = "Build Kotlin Framework";
			outputFileListPaths = (
			);
			outputPaths = (
				"$(SRCROOT)/KotlinFramework/CachedFlowDemo.framework/CachedFlowDemo",
			);
			runOnlyForDeploymentPostprocessing = 0;
			shellPath = /bin/bash;
			shellScript = "set -euo pipefail\n\ncd \"$SRCROOT/..\"\nexport JAVA_HOME=\"${JAVA_HOME:-$(\"/usr/libexec/java_home\" -v 17)}\"\n\nif [[ \"${CONFIGURATION}\" == Release* ]]; then\n  BUILD_VARIANT=\"Release\"\n  FRAMEWORK_VARIANT_DIR=\"releaseFramework\"\nelse\n  BUILD_VARIANT=\"Debug\"\n  FRAMEWORK_VARIANT_DIR=\"debugFramework\"\nfi\n\nif [[ \"${PLATFORM_NAME}\" == *simulator* ]]; then\n  if [[ \"${ARCHS:-}\" == *x86_64* && \"${ARCHS:-}\" != *arm64* ]]; then\n    KONAN_TARGET=\"IosX64\"\n    FRAMEWORK_TARGET_DIR=\"iosX64\"\n  else\n    KONAN_TARGET=\"IosSimulatorArm64\"\n    FRAMEWORK_TARGET_DIR=\"iosSimulatorArm64\"\n  fi\nelse\n  KONAN_TARGET=\"IosArm64\"\n  FRAMEWORK_TARGET_DIR=\"iosArm64\"\nfi\n\nGRADLE_TASK=\":app:link${BUILD_VARIANT}Framework${KONAN_TARGET}\"\nFRAMEWORK_SOURCE=\"app/build/bin/${FRAMEWORK_TARGET_DIR}/${FRAMEWORK_VARIANT_DIR}/CachedFlowDemo.framework\"\nFRAMEWORK_DEST=\"$SRCROOT/KotlinFramework\"\n\nbash ./gradlew \"$GRADLE_TASK\"\n\nrm -rf \"${FRAMEWORK_DEST}/CachedFlowDemo.framework\"\nmkdir -p \"${FRAMEWORK_DEST}\"\nrsync -a \"${FRAMEWORK_SOURCE}\" \"${FRAMEWORK_DEST}/\"\n";
		};
/* End PBXShellScriptBuildPhase section */

/* Begin PBXSourcesBuildPhase section */
		D767DBCDE7662F2CF7AD19B2 /* Sources */ = {
			isa = PBXSourcesBuildPhase;
			buildActionMask = 2147483647;
			files = (
				47ADEC62832DB668BB2C8E25 /* iosApp.swift in Sources */,
				174DC9EE10DEDE02731A4F4F /* ComposeRootView.swift in Sources */,
			);
			runOnlyForDeploymentPostprocessing = 0;
		};
/* End PBXSourcesBuildPhase section */

/* Begin XCBuildConfiguration section */
		1C7210D4C885F9FEF183B0F6 /* Release */ = {
			isa = XCBuildConfiguration;
			buildSettings = {
				ASSETCATALOG_COMPILER_APPICON_NAME = AppIcon;
				ASSETCATALOG_COMPILER_GLOBAL_ACCENT_COLOR_NAME = AccentColor;
				CLANG_ENABLE_OBJC_WEAK = NO;
				"CODE_SIGNING_ALLOWED[sdk=iphonesimulator*]" = NO;
				"CODE_SIGNING_REQUIRED[sdk=iphonesimulator*]" = NO;
				CODE_SIGN_STYLE = Automatic;
				CURRENT_PROJECT_VERSION = 1;
				DEVELOPMENT_TEAM = "";
				ENABLE_USER_SCRIPT_SANDBOXING = NO;
				FRAMEWORK_SEARCH_PATHS = (
					"$(inherited)",
					"$(SRCROOT)/KotlinFramework",
				);
				GENERATE_INFOPLIST_FILE = YES;
				INFOPLIST_KEY_CFBundleDisplayName = "CachedFlow Demo";
				INFOPLIST_KEY_UIApplicationSceneManifest_Generation = YES;
				INFOPLIST_KEY_UIApplicationSupportsIndirectInputEvents = YES;
				INFOPLIST_KEY_UILaunchScreen_Generation = YES;
				IPHONEOS_DEPLOYMENT_TARGET = 17.2;
				LD_RUNPATH_SEARCH_PATHS = "$(inherited) @executable_path/Frameworks";
				MARKETING_VERSION = 1.0;
				PRODUCT_BUNDLE_IDENTIFIER = ru.dapadz.cachedflow.iosApp;
				PRODUCT_NAME = "$(TARGET_NAME)";
				SDKROOT = iphoneos;
				SWIFT_VERSION = 5.0;
				TARGETED_DEVICE_FAMILY = "1,2";
				VALIDATE_PRODUCT = YES;
			};
			name = Release;
		};
		71C30921FFF8F686BB1CC529 /* Debug */ = {
			isa = XCBuildConfiguration;
			buildSettings = {
				ASSETCATALOG_COMPILER_APPICON_NAME = AppIcon;
				ASSETCATALOG_COMPILER_GLOBAL_ACCENT_COLOR_NAME = AccentColor;
				CLANG_ENABLE_OBJC_WEAK = NO;
				"CODE_SIGNING_ALLOWED[sdk=iphonesimulator*]" = NO;
				"CODE_SIGNING_REQUIRED[sdk=iphonesimulator*]" = NO;
				CODE_SIGN_STYLE = Automatic;
				CURRENT_PROJECT_VERSION = 1;
				DEVELOPMENT_TEAM = "";
				ENABLE_USER_SCRIPT_SANDBOXING = NO;
				FRAMEWORK_SEARCH_PATHS = (
					"$(inherited)",
					"$(SRCROOT)/KotlinFramework",
				);
				GENERATE_INFOPLIST_FILE = YES;
				INFOPLIST_KEY_CFBundleDisplayName = "CachedFlow Demo";
				INFOPLIST_KEY_UIApplicationSceneManifest_Generation = YES;
				INFOPLIST_KEY_UIApplicationSupportsIndirectInputEvents = YES;
				INFOPLIST_KEY_UILaunchScreen_Generation = YES;
				IPHONEOS_DEPLOYMENT_TARGET = 17.2;
				LD_RUNPATH_SEARCH_PATHS = "$(inherited) @executable_path/Frameworks";
				MARKETING_VERSION = 1.0;
				PRODUCT_BUNDLE_IDENTIFIER = ru.dapadz.cachedflow.iosApp;
				PRODUCT_NAME = "$(TARGET_NAME)";
				SDKROOT = iphoneos;
				SWIFT_VERSION = 5.0;
				TARGETED_DEVICE_FAMILY = "1,2";
			};
			name = Debug;
		};
		9ACA2EDF677B7BDA91DD0937 /* Release */ = {
			isa = XCBuildConfiguration;
			buildSettings = {
				ALWAYS_SEARCH_USER_PATHS = NO;
				CLANG_ANALYZER_NONNULL = YES;
				CLANG_ANALYZER_NUMBER_OBJECT_CONVERSION = YES_AGGRESSIVE;
				CLANG_CXX_LANGUAGE_STANDARD = "gnu++14";
				CLANG_CXX_LIBRARY = "libc++";
				CLANG_ENABLE_MODULES = YES;
				CLANG_ENABLE_OBJC_ARC = YES;
				CLANG_ENABLE_OBJC_WEAK = YES;
				CLANG_WARN_BLOCK_CAPTURE_AUTORELEASING = YES;
				CLANG_WARN_BOOL_CONVERSION = YES;
				CLANG_WARN_COMMA = YES;
				CLANG_WARN_CONSTANT_CONVERSION = YES;
				CLANG_WARN_DEPRECATED_OBJC_IMPLEMENTATIONS = YES;
				CLANG_WARN_DIRECT_OBJC_ISA_USAGE = YES_ERROR;
				CLANG_WARN_DOCUMENTATION_COMMENTS = YES;
				CLANG_WARN_EMPTY_BODY = YES;
				CLANG_WARN_ENUM_CONVERSION = YES;
				CLANG_WARN_INFINITE_RECURSION = YES;
				CLANG_WARN_INT_CONVERSION = YES;
				CLANG_WARN_NON_LITERAL_NULL_CONVERSION = YES;
				CLANG_WARN_OBJC_IMPLICIT_RETAIN_SELF = YES;
				CLANG_WARN_OBJC_LITERAL_CONVERSION = YES;
				CLANG_WARN_OBJC_ROOT_CLASS = YES_ERROR;
				CLANG_WARN_QUOTED_INCLUDE_IN_FRAMEWORK_HEADER = YES;
				CLANG_WARN_RANGE_LOOP_ANALYSIS = YES;
				CLANG_WARN_STRICT_PROTOTYPES = YES;
				CLANG_WARN_SUSPICIOUS_MOVE = YES;
				CLANG_WARN_UNGUARDED_AVAILABILITY = YES_AGGRESSIVE;
				CLANG_WARN_UNREACHABLE_CODE = YES;
				CLANG_WARN__DUPLICATE_METHOD_MATCH = YES;
				COPY_PHASE_STRIP = NO;
				DEBUG_INFORMATION_FORMAT = "dwarf-with-dsym";
				ENABLE_NS_ASSERTIONS = NO;
				ENABLE_STRICT_OBJC_MSGSEND = YES;
				GCC_C_LANGUAGE_STANDARD = gnu11;
				GCC_NO_COMMON_BLOCKS = YES;
				GCC_WARN_64_TO_32_BIT_CONVERSION = YES;
				GCC_WARN_ABOUT_RETURN_TYPE = YES_ERROR;
				GCC_WARN_UNDECLARED_SELECTOR = YES;
				GCC_WARN_UNINITIALIZED_AUTOS = YES_AGGRESSIVE;
				GCC_WARN_UNUSED_FUNCTION = YES;
				GCC_WARN_UNUSED_VARIABLE = YES;
				MTL_ENABLE_DEBUG_INFO = NO;
				MTL_FAST_MATH = YES;
				PRODUCT_NAME = "$(TARGET_NAME)";
				SWIFT_COMPILATION_MODE = wholemodule;
				SWIFT_OPTIMIZATION_LEVEL = "-O";
				SWIFT_VERSION = 5.0;
			};
			name = Release;
		};
		F9C1CE4F11F34FD568913D84 /* Debug */ = {
			isa = XCBuildConfiguration;
			buildSettings = {
				ALWAYS_SEARCH_USER_PATHS = NO;
				CLANG_ANALYZER_NONNULL = YES;
				CLANG_ANALYZER_NUMBER_OBJECT_CONVERSION = YES_AGGRESSIVE;
				CLANG_CXX_LANGUAGE_STANDARD = "gnu++14";
				CLANG_CXX_LIBRARY = "libc++";
				CLANG_ENABLE_MODULES = YES;
				CLANG_ENABLE_OBJC_ARC = YES;
				CLANG_ENABLE_OBJC_WEAK = YES;
				CLANG_WARN_BLOCK_CAPTURE_AUTORELEASING = YES;
				CLANG_WARN_BOOL_CONVERSION = YES;
				CLANG_WARN_COMMA = YES;
				CLANG_WARN_CONSTANT_CONVERSION = YES;
				CLANG_WARN_DEPRECATED_OBJC_IMPLEMENTATIONS = YES;
				CLANG_WARN_DIRECT_OBJC_ISA_USAGE = YES_ERROR;
				CLANG_WARN_DOCUMENTATION_COMMENTS = YES;
				CLANG_WARN_EMPTY_BODY = YES;
				CLANG_WARN_ENUM_CONVERSION = YES;
				CLANG_WARN_INFINITE_RECURSION = YES;
				CLANG_WARN_INT_CONVERSION = YES;
				CLANG_WARN_NON_LITERAL_NULL_CONVERSION = YES;
				CLANG_WARN_OBJC_IMPLICIT_RETAIN_SELF = YES;
				CLANG_WARN_OBJC_LITERAL_CONVERSION = YES;
				CLANG_WARN_OBJC_ROOT_CLASS = YES_ERROR;
				CLANG_WARN_QUOTED_INCLUDE_IN_FRAMEWORK_HEADER = YES;
				CLANG_WARN_RANGE_LOOP_ANALYSIS = YES;
				CLANG_WARN_STRICT_PROTOTYPES = YES;
				CLANG_WARN_SUSPICIOUS_MOVE = YES;
				CLANG_WARN_UNGUARDED_AVAILABILITY = YES_AGGRESSIVE;
				CLANG_WARN_UNREACHABLE_CODE = YES;
				CLANG_WARN__DUPLICATE_METHOD_MATCH = YES;
				COPY_PHASE_STRIP = NO;
				DEBUG_INFORMATION_FORMAT = dwarf;
				ENABLE_STRICT_OBJC_MSGSEND = YES;
				ENABLE_TESTABILITY = YES;
				GCC_C_LANGUAGE_STANDARD = gnu11;
				GCC_DYNAMIC_NO_PIC = NO;
				GCC_NO_COMMON_BLOCKS = YES;
				GCC_OPTIMIZATION_LEVEL = 0;
				GCC_PREPROCESSOR_DEFINITIONS = (
					"DEBUG=1",
					"$(inherited)",
				);
				GCC_WARN_64_TO_32_BIT_CONVERSION = YES;
				GCC_WARN_ABOUT_RETURN_TYPE = YES_ERROR;
				GCC_WARN_UNDECLARED_SELECTOR = YES;
				GCC_WARN_UNINITIALIZED_AUTOS = YES_AGGRESSIVE;
				GCC_WARN_UNUSED_FUNCTION = YES;
				GCC_WARN_UNUSED_VARIABLE = YES;
				MTL_ENABLE_DEBUG_INFO = INCLUDE_SOURCE;
				MTL_FAST_MATH = YES;
				ONLY_ACTIVE_ARCH = YES;
				PRODUCT_NAME = "$(TARGET_NAME)";
				SWIFT_ACTIVE_COMPILATION_CONDITIONS = DEBUG;
				SWIFT_OPTIMIZATION_LEVEL = "-Onone";
				SWIFT_VERSION = 5.0;
			};
			name = Debug;
		};
/* End XCBuildConfiguration section */

/* Begin XCConfigurationList section */
		0B9C02F353BCE5F7FE0AEDD8 /* Build configuration list for PBXProject "iosApp" */ = {
			isa = XCConfigurationList;
			buildConfigurations = (
				F9C1CE4F11F34FD568913D84 /* Debug */,
				9ACA2EDF677B7BDA91DD0937 /* Release */,
			);
			defaultConfigurationIsVisible = 0;
			defaultConfigurationName = Release;
		};
		E628BDB1B0703BA1560F3A7F /* Build configuration list for PBXNativeTarget "iosApp" */ = {
			isa = XCConfigurationList;
			buildConfigurations = (
				1C7210D4C885F9FEF183B0F6 /* Release */,
				71C30921FFF8F686BB1CC529 /* Debug */,
			);
			defaultConfigurationIsVisible = 0;
			defaultConfigurationName = Release;
		};
/* End XCConfigurationList section */
	};
	rootObject = E1A2524DF7F428FA8C80F0B2 /* Project object */;
}
